
Microsoft Visual Studio Solution File, Format Version 12.00
# Visual Studio Version 17
VisualStudioVersion = 17.4.33213.308
MinimumVisualStudioVersion = 10.0.40219.1
Project("{FAE04EC0-301F-11D3-BF4B-00C04F79EFBC}") = "PseudoGUI", "PseudoGUI\PseudoGUI.csproj", "{9D1140FF-EACF-4C61-9A44-F74F05A4AF25}"
EndProject
Global
	GlobalSection(SolutionConfigurationPlatforms) = preSolution
		Debug|Any CPU = Debug|Any CPU
		Release|Any CPU = Release|Any CPU
	EndGlobalSection
	GlobalSection(ProjectConfigurationPlatforms) = postSolution
		{9D1140FF-EACF-4C61-9A44-F74F05A4AF25}.Debug|Any CPU.ActiveCfg = Debug|Any CPU
		{9D1140FF-EACF-4C61-9A44-F74F05A4AF25}.Debug|Any CPU.Build.0 = Debug|Any CPU
		{9D1140FF-EACF-4C61-9A44-F74F05A4AF25}.Release|Any CPU.ActiveCfg = Release|Any CPU
		{9D1140FF-EACF-4C61-9A44-F74F05A4AF25}.Release|Any CPU.Build.0 = Release|Any CPU
	EndGlobalSection
	GlobalSection(SolutionProperties) = preSolution
		HideSolutionNode = FALSE
	EndGlobalSection
	GlobalSection(ExtensibilityGlobals) = postSolution
		SolutionGuid = {25E0F9DE-57C9-4C93-93D3-9B0AC7FB4691}
	EndGlobalSection
EndGlobal
